
Microsoft Visual Studio Solution File, Format Version 12.00
# Visual Studio Version 16
VisualStudioVersion = 16.0.30907.101
MinimumVisualStudioVersion = 10.0.40219.1
Project("{FAE04EC0-301F-11D3-BF4B-00C04F79EFBC}") = "MyDictionary", "MyDictionary\MyDictionary.csproj", "{FC2EFBCD-8EB1-4559-8075-D7C5A5F85DCD}"
EndProject
Global
	GlobalSection(SolutionConfigurationPlatforms) = preSolution
		Debug|Any CPU = Debug|Any CPU
		Release|Any CPU = Release|Any CPU
	EndGlobalSection
	GlobalSection(ProjectConfigurationPlatforms) = postSolution
		{FC2EFBCD-8EB1-4559-8075-D7C5A5F85DCD}.Debug|Any CPU.ActiveCfg = Debug|Any CPU
		{FC2EFBCD-8EB1-4559-8075-D7C5A5F85DCD}.Debug|Any CPU.Build.0 = Debug|Any CPU
		{FC2EFBCD-8EB1-4559-8075-D7C5A5F85DCD}.Release|Any CPU.ActiveCfg = Release|Any CPU
		{FC2EFBCD-8EB1-4559-8075-D7C5A5F85DCD}.Release|Any CPU.Build.0 = Release|Any CPU
	EndGlobalSection
	GlobalSection(SolutionProperties) = preSolution
		HideSolutionNode = FALSE
	EndGlobalSection
	GlobalSection(ExtensibilityGlobals) = postSolution
		SolutionGuid = {E92FE2AD-8A5E-4D2E-B19D-C16E26757EF0}
	EndGlobalSection
EndGlobal
